
Microsoft Visual Studio Solution File, Format Version 12.00
# Visual Studio 15
VisualStudioVersion = 15.0.28307.1231
MinimumVisualStudioVersion = 10.0.40219.1
Project("{FAE04EC0-301F-11D3-BF4B-00C04F79EFBC}") = "Bookstore", "Bookstore\Bookstore.csproj", "{DBED76FB-ACAD-4BB8-8323-7AF8698CAD0B}"
EndProject
Project("{FAE04EC0-301F-11D3-BF4B-00C04F79EFBC}") = "Utilities", "Utilities\Utilities.csproj", "{22C4DCF4-4DAF-4654-98D1-5BE0F839D11F}"
EndProject
Project("{FAE04EC0-301F-11D3-BF4B-00C04F79EFBC}") = "BookLibrary", "BookLibrary\BookLibrary.csproj", "{5EA10808-4B2C-4EEF-AEDB-5F4A01D44C75}"
EndProject
Global
	GlobalSection(SolutionConfigurationPlatforms) = preSolution
		Debug|Any CPU = Debug|Any CPU
		Release|Any CPU = Release|Any CPU
	EndGlobalSection
	GlobalSection(ProjectConfigurationPlatforms) = postSolution
		{DBED76FB-ACAD-4BB8-8323-7AF8698CAD0B}.Debug|Any CPU.ActiveCfg = Debug|Any CPU
		{DBED76FB-ACAD-4BB8-8323-7AF8698CAD0B}.Debug|Any CPU.Build.0 = Debug|Any CPU
		{DBED76FB-ACAD-4BB8-8323-7AF8698CAD0B}.Release|Any CPU.ActiveCfg = Release|Any CPU
		{DBED76FB-ACAD-4BB8-8323-7AF8698CAD0B}.Release|Any CPU.Build.0 = Release|Any CPU
		{22C4DCF4-4DAF-4654-98D1-5BE0F839D11F}.Debug|Any CPU.ActiveCfg = Debug|Any CPU
		{22C4DCF4-4DAF-4654-98D1-5BE0F839D11F}.Debug|Any CPU.Build.0 = Debug|Any CPU
		{22C4DCF4-4DAF-4654-98D1-5BE0F839D11F}.Release|Any CPU.ActiveCfg = Release|Any CPU
		{22C4DCF4-4DAF-4654-98D1-5BE0F839D11F}.Release|Any CPU.Build.0 = Release|Any CPU
		{5EA10808-4B2C-4EEF-AEDB-5F4A01D44C75}.Debug|Any CPU.ActiveCfg = Debug|Any CPU
		{5EA10808-4B2C-4EEF-AEDB-5F4A01D44C75}.Debug|Any CPU.Build.0 = Debug|Any CPU
		{5EA10808-4B2C-4EEF-AEDB-5F4A01D44C75}.Release|Any CPU.ActiveCfg = Release|Any CPU
		{5EA10808-4B2C-4EEF-AEDB-5F4A01D44C75}.Release|Any CPU.Build.0 = Release|Any CPU
	EndGlobalSection
	GlobalSection(SolutionProperties) = preSolution
		HideSolutionNode = FALSE
	EndGlobalSection
	GlobalSection(ExtensibilityGlobals) = postSolution
		SolutionGuid = {4DF4199D-A5CB-491F-BF69-32986E4E2A40}
	EndGlobalSection
EndGlobal
